
Microsoft Visual Studio Solution File, Format Version 12.00
# Visual Studio Version 17
VisualStudioVersion = 17.0.32014.148
MinimumVisualStudioVersion = 10.0.40219.1
Project("{FAE04EC0-301F-11D3-BF4B-00C04F79EFBC}") = "Conditions", "Conditions.csproj", "{D2826C36-20F3-4DD9-B1ED-B3DF6DAB8517}"
EndProject
Global
	GlobalSection(SolutionConfigurationPlatforms) = preSolution
		Debug|Any CPU = Debug|Any CPU
		Release|Any CPU = Release|Any CPU
	EndGlobalSection
	GlobalSection(ProjectConfigurationPlatforms) = postSolution
		{D2826C36-20F3-4DD9-B1ED-B3DF6DAB8517}.Debug|Any CPU.ActiveCfg = Debug|Any CPU
		{D2826C36-20F3-4DD9-B1ED-B3DF6DAB8517}.Debug|Any CPU.Build.0 = Debug|Any CPU
		{D2826C36-20F3-4DD9-B1ED-B3DF6DAB8517}.Release|Any CPU.ActiveCfg = Release|Any CPU
		{D2826C36-20F3-4DD9-B1ED-B3DF6DAB8517}.Release|Any CPU.Build.0 = Release|Any CPU
	EndGlobalSection
	GlobalSection(SolutionProperties) = preSolution
		HideSolutionNode = FALSE
	EndGlobalSection
	GlobalSection(ExtensibilityGlobals) = postSolution
		SolutionGuid = {634FAB19-E210-4EE1-8A79-4D72F6556229}
	EndGlobalSection
EndGlobal
