
Microsoft Visual Studio Solution File, Format Version 12.00
# Visual Studio Version 17
VisualStudioVersion = 17.0.32014.148
MinimumVisualStudioVersion = 10.0.40219.1
Project("{FAE04EC0-301F-11D3-BF4B-00C04F79EFBC}") = "Dictionaries", "Dictionaries.csproj", "{935FB536-ACA5-4C9C-856A-A76E4B436B8E}"
EndProject
Global
	GlobalSection(SolutionConfigurationPlatforms) = preSolution
		Debug|Any CPU = Debug|Any CPU
		Release|Any CPU = Release|Any CPU
	EndGlobalSection
	GlobalSection(ProjectConfigurationPlatforms) = postSolution
		{935FB536-ACA5-4C9C-856A-A76E4B436B8E}.Debug|Any CPU.ActiveCfg = Debug|Any CPU
		{935FB536-ACA5-4C9C-856A-A76E4B436B8E}.Debug|Any CPU.Build.0 = Debug|Any CPU
		{935FB536-ACA5-4C9C-856A-A76E4B436B8E}.Release|Any CPU.ActiveCfg = Release|Any CPU
		{935FB536-ACA5-4C9C-856A-A76E4B436B8E}.Release|Any CPU.Build.0 = Release|Any CPU
	EndGlobalSection
	GlobalSection(SolutionProperties) = preSolution
		HideSolutionNode = FALSE
	EndGlobalSection
	GlobalSection(ExtensibilityGlobals) = postSolution
		SolutionGuid = {78314CBC-E767-4D6C-8C0B-1E845713CB21}
	EndGlobalSection
EndGlobal
