
Microsoft Visual Studio Solution File, Format Version 12.00
# Visual Studio Version 17
VisualStudioVersion = 17.0.32014.148
MinimumVisualStudioVersion = 10.0.40219.1
Project("{FAE04EC0-301F-11D3-BF4B-00C04F79EFBC}") = "DateTimeAndMathMethods", "DateTimeAndMathMethods.csproj", "{70F26309-E046-4596-9B02-97FE844BFAB7}"
EndProject
Global
	GlobalSection(SolutionConfigurationPlatforms) = preSolution
		Debug|Any CPU = Debug|Any CPU
		Release|Any CPU = Release|Any CPU
	EndGlobalSection
	GlobalSection(ProjectConfigurationPlatforms) = postSolution
		{70F26309-E046-4596-9B02-97FE844BFAB7}.Debug|Any CPU.ActiveCfg = Debug|Any CPU
		{70F26309-E046-4596-9B02-97FE844BFAB7}.Debug|Any CPU.Build.0 = Debug|Any CPU
		{70F26309-E046-4596-9B02-97FE844BFAB7}.Release|Any CPU.ActiveCfg = Release|Any CPU
		{70F26309-E046-4596-9B02-97FE844BFAB7}.Release|Any CPU.Build.0 = Release|Any CPU
	EndGlobalSection
	GlobalSection(SolutionProperties) = preSolution
		HideSolutionNode = FALSE
	EndGlobalSection
	GlobalSection(ExtensibilityGlobals) = postSolution
		SolutionGuid = {82E54A3F-4754-49FC-BA04-CE39E5C85BB6}
	EndGlobalSection
EndGlobal
