
Microsoft Visual Studio Solution File, Format Version 12.00
# Visual Studio Version 17
VisualStudioVersion = 17.0.32014.148
MinimumVisualStudioVersion = 10.0.40219.1
Project("{FAE04EC0-301F-11D3-BF4B-00C04F79EFBC}") = "ToDoUygulamasi", "ToDoUygulamasi.csproj", "{EA860028-38D7-4784-B653-B7E3526ABB6D}"
EndProject
Global
	GlobalSection(SolutionConfigurationPlatforms) = preSolution
		Debug|Any CPU = Debug|Any CPU
		Release|Any CPU = Release|Any CPU
	EndGlobalSection
	GlobalSection(ProjectConfigurationPlatforms) = postSolution
		{EA860028-38D7-4784-B653-B7E3526ABB6D}.Debug|Any CPU.ActiveCfg = Debug|Any CPU
		{EA860028-38D7-4784-B653-B7E3526ABB6D}.Debug|Any CPU.Build.0 = Debug|Any CPU
		{EA860028-38D7-4784-B653-B7E3526ABB6D}.Release|Any CPU.ActiveCfg = Release|Any CPU
		{EA860028-38D7-4784-B653-B7E3526ABB6D}.Release|Any CPU.Build.0 = Release|Any CPU
	EndGlobalSection
	GlobalSection(SolutionProperties) = preSolution
		HideSolutionNode = FALSE
	EndGlobalSection
	GlobalSection(ExtensibilityGlobals) = postSolution
		SolutionGuid = {14F26A9C-8208-4C66-9A5F-2EAAA322CA78}
	EndGlobalSection
EndGlobal
