
Microsoft Visual Studio Solution File, Format Version 12.00
# Visual Studio Version 17
VisualStudioVersion = 17.0.32014.148
MinimumVisualStudioVersion = 10.0.40219.1
Project("{FAE04EC0-301F-11D3-BF4B-00C04F79EFBC}") = "methods", "methods.csproj", "{6E4440A8-96B2-480E-B19A-D2A25054B2F1}"
EndProject
Global
	GlobalSection(SolutionConfigurationPlatforms) = preSolution
		Debug|Any CPU = Debug|Any CPU
		Release|Any CPU = Release|Any CPU
	EndGlobalSection
	GlobalSection(ProjectConfigurationPlatforms) = postSolution
		{6E4440A8-96B2-480E-B19A-D2A25054B2F1}.Debug|Any CPU.ActiveCfg = Debug|Any CPU
		{6E4440A8-96B2-480E-B19A-D2A25054B2F1}.Debug|Any CPU.Build.0 = Debug|Any CPU
		{6E4440A8-96B2-480E-B19A-D2A25054B2F1}.Release|Any CPU.ActiveCfg = Release|Any CPU
		{6E4440A8-96B2-480E-B19A-D2A25054B2F1}.Release|Any CPU.Build.0 = Release|Any CPU
	EndGlobalSection
	GlobalSection(SolutionProperties) = preSolution
		HideSolutionNode = FALSE
	EndGlobalSection
	GlobalSection(ExtensibilityGlobals) = postSolution
		SolutionGuid = {5E85DC23-64D8-4A07-8C97-801DE3713B90}
	EndGlobalSection
EndGlobal
