
Microsoft Visual Studio Solution File, Format Version 12.00
# Visual Studio Version 17
VisualStudioVersion = 17.0.32014.148
MinimumVisualStudioVersion = 10.0.40219.1
Project("{FAE04EC0-301F-11D3-BF4B-00C04F79EFBC}") = "Loops", "Loops.csproj", "{D966E7C2-547E-43CC-A280-280464D05241}"
EndProject
Global
	GlobalSection(SolutionConfigurationPlatforms) = preSolution
		Debug|Any CPU = Debug|Any CPU
		Release|Any CPU = Release|Any CPU
	EndGlobalSection
	GlobalSection(ProjectConfigurationPlatforms) = postSolution
		{D966E7C2-547E-43CC-A280-280464D05241}.Debug|Any CPU.ActiveCfg = Debug|Any CPU
		{D966E7C2-547E-43CC-A280-280464D05241}.Debug|Any CPU.Build.0 = Debug|Any CPU
		{D966E7C2-547E-43CC-A280-280464D05241}.Release|Any CPU.ActiveCfg = Release|Any CPU
		{D966E7C2-547E-43CC-A280-280464D05241}.Release|Any CPU.Build.0 = Release|Any CPU
	EndGlobalSection
	GlobalSection(SolutionProperties) = preSolution
		HideSolutionNode = FALSE
	EndGlobalSection
	GlobalSection(ExtensibilityGlobals) = postSolution
		SolutionGuid = {5F751C4B-DF92-4968-8424-2181FB9DD125}
	EndGlobalSection
EndGlobal
