
Microsoft Visual Studio Solution File, Format Version 12.00
# Visual Studio Version 17
VisualStudioVersion = 17.0.32014.148
MinimumVisualStudioVersion = 10.0.40219.1
Project("{FAE04EC0-301F-11D3-BF4B-00C04F79EFBC}") = "EncapsulationCS", "EncapsulationCS.csproj", "{189B4D1E-1B80-466D-9BEB-F0501054B357}"
EndProject
Global
	GlobalSection(SolutionConfigurationPlatforms) = preSolution
		Debug|Any CPU = Debug|Any CPU
		Release|Any CPU = Release|Any CPU
	EndGlobalSection
	GlobalSection(ProjectConfigurationPlatforms) = postSolution
		{189B4D1E-1B80-466D-9BEB-F0501054B357}.Debug|Any CPU.ActiveCfg = Debug|Any CPU
		{189B4D1E-1B80-466D-9BEB-F0501054B357}.Debug|Any CPU.Build.0 = Debug|Any CPU
		{189B4D1E-1B80-466D-9BEB-F0501054B357}.Release|Any CPU.ActiveCfg = Release|Any CPU
		{189B4D1E-1B80-466D-9BEB-F0501054B357}.Release|Any CPU.Build.0 = Release|Any CPU
	EndGlobalSection
	GlobalSection(SolutionProperties) = preSolution
		HideSolutionNode = FALSE
	EndGlobalSection
	GlobalSection(ExtensibilityGlobals) = postSolution
		SolutionGuid = {2D1FDBAF-0317-43C1-8CF0-AEF84F9E8B51}
	EndGlobalSection
EndGlobal
