
Microsoft Visual Studio Solution File, Format Version 12.00
# Visual Studio Version 17
VisualStudioVersion = 17.0.32014.148
MinimumVisualStudioVersion = 10.0.40219.1
Project("{FAE04EC0-301F-11D3-BF4B-00C04F79EFBC}") = "Operators", "Operators.csproj", "{88EA41FE-50BD-4202-A555-14DEFDA9FA49}"
EndProject
Global
	GlobalSection(SolutionConfigurationPlatforms) = preSolution
		Debug|Any CPU = Debug|Any CPU
		Release|Any CPU = Release|Any CPU
	EndGlobalSection
	GlobalSection(ProjectConfigurationPlatforms) = postSolution
		{88EA41FE-50BD-4202-A555-14DEFDA9FA49}.Debug|Any CPU.ActiveCfg = Debug|Any CPU
		{88EA41FE-50BD-4202-A555-14DEFDA9FA49}.Debug|Any CPU.Build.0 = Debug|Any CPU
		{88EA41FE-50BD-4202-A555-14DEFDA9FA49}.Release|Any CPU.ActiveCfg = Release|Any CPU
		{88EA41FE-50BD-4202-A555-14DEFDA9FA49}.Release|Any CPU.Build.0 = Release|Any CPU
	EndGlobalSection
	GlobalSection(SolutionProperties) = preSolution
		HideSolutionNode = FALSE
	EndGlobalSection
	GlobalSection(ExtensibilityGlobals) = postSolution
		SolutionGuid = {E563A11E-75E9-4543-ADE9-88B9F3F262EE}
	EndGlobalSection
EndGlobal
